// !$*UTF8*$!
{
	archiveVersion = 1;
	classes = {
	};
	objectVersion = 51;
	objects = {

/* Begin PBXBuildFile section */
		8541C7C522948B8D00CC1EDF /* AppDelegate.swift in Sources */ = {isa = PBXBuildFile; fileRef = 8541C7C422948B8D00CC1EDF /* AppDelegate.swift */; };
		8541C7C722948B8D00CC1EDF /* ViewController.swift in Sources */ = {isa = PBXBuildFile; fileRef = 8541C7C622948B8D00CC1EDF /* ViewController.swift */; };
		8541C7CA22948B8D00CC1EDF /* Main.storyboard in Resources */ = {isa = PBXBuildFile; fileRef = 8541C7C822948B8D00CC1EDF /* Main.storyboard */; };
		8541C7CD22948B8D00CC1EDF /* DailyRoutine.xcdatamodeld in Sources */ = {isa = PBXBuildFile; fileRef = 8541C7CB22948B8D00CC1EDF /* DailyRoutine.xcdatamodeld */; };
		8541C7CF22948B8E00CC1EDF /* Assets.xcassets in Resources */ = {isa = PBXBuildFile; fileRef = 8541C7CE22948B8E00CC1EDF /* Assets.xcassets */; };
		8541C7D222948B8E00CC1EDF /* LaunchScreen.storyboard in Resources */ = {isa = PBXBuildFile; fileRef = 8541C7D022948B8E00CC1EDF /* LaunchScreen.storyboard */; };
		85536C7222D0289C00970635 /* LittleBGView.swift in Sources */ = {isa = PBXBuildFile; fileRef = 85536C7122D0289C00970635 /* LittleBGView.swift */; };
		855D1B0422D0074B00D6F647 /* EmailViewController.swift in Sources */ = {isa = PBXBuildFile; fileRef = 855D1B0322D0074B00D6F647 /* EmailViewController.swift */; };
		855D1B0622D00FAE00D6F647 /* CriarContaViewController.swift in Sources */ = {isa = PBXBuildFile; fileRef = 855D1B0522D00FAE00D6F647 /* CriarContaViewController.swift */; };
		855D1B0822D00FB700D6F647 /* SenhaViewController.swift in Sources */ = {isa = PBXBuildFile; fileRef = 855D1B0722D00FB700D6F647 /* SenhaViewController.swift */; };
		85C60CC422CB7958006480DE /* GoogleService-Info.plist in Resources */ = {isa = PBXBuildFile; fileRef = 85C60CC322CB7958006480DE /* GoogleService-Info.plist */; };
		85D449F422D93C2800F96978 /* DuracaoTableViewController.swift in Sources */ = {isa = PBXBuildFile; fileRef = 85D449F322D93C2800F96978 /* DuracaoTableViewController.swift */; };
		85D449F622D93C9900F96978 /* AlertasTableViewController.swift in Sources */ = {isa = PBXBuildFile; fileRef = 85D449F522D93C9900F96978 /* AlertasTableViewController.swift */; };
		85EA499F22CD2EE700F2A39A /* WhiteButton.swift in Sources */ = {isa = PBXBuildFile; fileRef = 85EA499E22CD2EE700F2A39A /* WhiteButton.swift */; };
		85EE2C0522998CA800843A22 /* TasksFactory.swift in Sources */ = {isa = PBXBuildFile; fileRef = 85EE2C0422998CA800843A22 /* TasksFactory.swift */; };
		85EE2C0722998DE100843A22 /* Tasks.swift in Sources */ = {isa = PBXBuildFile; fileRef = 85EE2C0622998DE100843A22 /* Tasks.swift */; };
		F7A1701173EEDA17995001EF /* Pods_DailyRoutine.framework in Frameworks */ = {isa = PBXBuildFile; fileRef = F6D03DE1E58715A0FCEA59DC /* Pods_DailyRoutine.framework */; };
/* End PBXBuildFile section */

/* Begin PBXFileReference section */
		0454340435279AE8327BF2EC /* Pods-DailyRoutine.debug.xcconfig */ = {isa = PBXFileReference; includeInIndex = 1; lastKnownFileType = text.xcconfig; name = "Pods-DailyRoutine.debug.xcconfig"; path = "Target Support Files/Pods-DailyRoutine/Pods-DailyRoutine.debug.xcconfig"; sourceTree = "<group>"; };
		195B97AB6027A3F17A0F3B30 /* Pods-DailyRoutine.release.xcconfig */ = {isa = PBXFileReference; includeInIndex = 1; lastKnownFileType = text.xcconfig; name = "Pods-DailyRoutine.release.xcconfig"; path = "Target Support Files/Pods-DailyRoutine/Pods-DailyRoutine.release.xcconfig"; sourceTree = "<group>"; };
		8541C7C122948B8D00CC1EDF /* DailyRoutine.app */ = {isa = PBXFileReference; explicitFileType = wrapper.application; includeInIndex = 0; path = DailyRoutine.app; sourceTree = BUILT_PRODUCTS_DIR; };
		8541C7C422948B8D00CC1EDF /* AppDelegate.swift */ = {isa = PBXFileReference; lastKnownFileType = sourcecode.swift; path = AppDelegate.swift; sourceTree = "<group>"; };
		8541C7C622948B8D00CC1EDF /* ViewController.swift */ = {isa = PBXFileReference; lastKnownFileType = sourcecode.swift; path = ViewController.swift; sourceTree = "<group>"; };
		8541C7C922948B8D00CC1EDF /* Base */ = {isa = PBXFileReference; lastKnownFileType = file.storyboard; name = Base; path = Base.lproj/Main.storyboard; sourceTree = "<group>"; };
		8541C7CC22948B8D00CC1EDF /* DailyRoutine.xcdatamodel */ = {isa = PBXFileReference; lastKnownFileType = wrapper.xcdatamodel; path = DailyRoutine.xcdatamodel; sourceTree = "<group>"; };
		8541C7CE22948B8E00CC1EDF /* Assets.xcassets */ = {isa = PBXFileReference; lastKnownFileType = folder.assetcatalog; path = Assets.xcassets; sourceTree = "<group>"; };
		8541C7D122948B8E00CC1EDF /* Base */ = {isa = PBXFileReference; lastKnownFileType = file.storyboard; name = Base; path = Base.lproj/LaunchScreen.storyboard; sourceTree = "<group>"; };
		8541C7D322948B8E00CC1EDF /* Info.plist */ = {isa = PBXFileReference; lastKnownFileType = text.plist.xml; path = Info.plist; sourceTree = "<group>"; };
		8541C7D922948E6400CC1EDF /* DailyRoutine.entitlements */ = {isa = PBXFileReference; lastKnownFileType = text.plist.entitlements; path = DailyRoutine.entitlements; sourceTree = "<group>"; };
		85536C7122D0289C00970635 /* LittleBGView.swift */ = {isa = PBXFileReference; lastKnownFileType = sourcecode.swift; path = LittleBGView.swift; sourceTree = "<group>"; };
		855D1B0322D0074B00D6F647 /* EmailViewController.swift */ = {isa = PBXFileReference; lastKnownFileType = sourcecode.swift; path = EmailViewController.swift; sourceTree = "<group>"; };
		855D1B0522D00FAE00D6F647 /* CriarContaViewController.swift */ = {isa = PBXFileReference; lastKnownFileType = sourcecode.swift; path = CriarContaViewController.swift; sourceTree = "<group>"; };
		855D1B0722D00FB700D6F647 /* SenhaViewController.swift */ = {isa = PBXFileReference; lastKnownFileType = sourcecode.swift; path = SenhaViewController.swift; sourceTree = "<group>"; };
		85C60CC322CB7958006480DE /* GoogleService-Info.plist */ = {isa = PBXFileReference; fileEncoding = 4; lastKnownFileType = text.plist.xml; path = "GoogleService-Info.plist"; sourceTree = "<group>"; };
		85D449F322D93C2800F96978 /* DuracaoTableViewController.swift */ = {isa = PBXFileReference; lastKnownFileType = sourcecode.swift; path = DuracaoTableViewController.swift; sourceTree = "<group>"; };
		85D449F522D93C9900F96978 /* AlertasTableViewController.swift */ = {isa = PBXFileReference; lastKnownFileType = sourcecode.swift; name = AlertasTableViewController.swift; path = "/Users/matheusmaus/Documents/App Development - PUCPR/#07 - Desenvolvimento de Aplicativos em iOS/DailyRoutine/DailyRoutine/View/AlertasTableViewController.swift"; sourceTree = "<absolute>"; };
		85EA499E22CD2EE700F2A39A /* WhiteButton.swift */ = {isa = PBXFileReference; lastKnownFileType = sourcecode.swift; path = WhiteButton.swift; sourceTree = "<group>"; };
		85EE2C0422998CA800843A22 /* TasksFactory.swift */ = {isa = PBXFileReference; lastKnownFileType = sourcecode.swift; path = TasksFactory.swift; sourceTree = "<group>"; };
		85EE2C0622998DE100843A22 /* Tasks.swift */ = {isa = PBXFileReference; lastKnownFileType = sourcecode.swift; path = Tasks.swift; sourceTree = "<group>"; };
		F6D03DE1E58715A0FCEA59DC /* Pods_DailyRoutine.framework */ = {isa = PBXFileReference; explicitFileType = wrapper.framework; includeInIndex = 0; path = Pods_DailyRoutine.framework; sourceTree = BUILT_PRODUCTS_DIR; };
/* End PBXFileReference section */

/* Begin PBXFrameworksBuildPhase section */
		8541C7BE22948B8D00CC1EDF /* Frameworks */ = {
			isa = PBXFrameworksBuildPhase;
			buildActionMask = 2147483647;
			files = (
				F7A1701173EEDA17995001EF /* Pods_DailyRoutine.framework in Frameworks */,
			);
			runOnlyForDeploymentPostprocessing = 0;
		};
/* End PBXFrameworksBuildPhase section */

/* Begin PBXGroup section */
		726FB29829CBA07F3B43566F /* Frameworks */ = {
			isa = PBXGroup;
			children = (
				F6D03DE1E58715A0FCEA59DC /* Pods_DailyRoutine.framework */,
			);
			name = Frameworks;
			sourceTree = "<group>";
		};
		8541C7B822948B8C00CC1EDF = {
			isa = PBXGroup;
			children = (
				8541C7C322948B8D00CC1EDF /* DailyRoutine */,
				8541C7C222948B8D00CC1EDF /* Products */,
				8AA35F1313AF59A9032B1429 /* Pods */,
				726FB29829CBA07F3B43566F /* Frameworks */,
			);
			sourceTree = "<group>";
		};
		8541C7C222948B8D00CC1EDF /* Products */ = {
			isa = PBXGroup;
			children = (
				8541C7C122948B8D00CC1EDF /* DailyRoutine.app */,
			);
			name = Products;
			sourceTree = "<group>";
		};
		8541C7C322948B8D00CC1EDF /* DailyRoutine */ = {
			isa = PBXGroup;
			children = (
				85C60CC522CB7AC3006480DE /* Model */,
				85C60CC622CB7ACE006480DE /* View */,
				85C60CC722CB7AD5006480DE /* Controller */,
				85C60CC322CB7958006480DE /* GoogleService-Info.plist */,
				8541C7D922948E6400CC1EDF /* DailyRoutine.entitlements */,
				8541C7C422948B8D00CC1EDF /* AppDelegate.swift */,
				8541C7C622948B8D00CC1EDF /* ViewController.swift */,
				8541C7D322948B8E00CC1EDF /* Info.plist */,
				8541C7CB22948B8D00CC1EDF /* DailyRoutine.xcdatamodeld */,
				85EE2C0422998CA800843A22 /* TasksFactory.swift */,
				85EE2C0622998DE100843A22 /* Tasks.swift */,
			);
			path = DailyRoutine;
			sourceTree = "<group>";
		};
		85C60CC522CB7AC3006480DE /* Model */ = {
			isa = PBXGroup;
			children = (
			);
			path = Model;
			sourceTree = "<group>";
		};
		85C60CC622CB7ACE006480DE /* View */ = {
			isa = PBXGroup;
			children = (
				8541C7C822948B8D00CC1EDF /* Main.storyboard */,
				85D449F522D93C9900F96978 /* AlertasTableViewController.swift */,
				85D449F322D93C2800F96978 /* DuracaoTableViewController.swift */,
				85536C7122D0289C00970635 /* LittleBGView.swift */,
				855D1B0322D0074B00D6F647 /* EmailViewController.swift */,
				855D1B0522D00FAE00D6F647 /* CriarContaViewController.swift */,
				855D1B0722D00FB700D6F647 /* SenhaViewController.swift */,
				85EA499E22CD2EE700F2A39A /* WhiteButton.swift */,
				8541C7CE22948B8E00CC1EDF /* Assets.xcassets */,
				8541C7D022948B8E00CC1EDF /* LaunchScreen.storyboard */,
			);
			path = View;
			sourceTree = "<group>";
		};
		85C60CC722CB7AD5006480DE /* Controller */ = {
			isa = PBXGroup;
			children = (
			);
			path = Controller;
			sourceTree = "<group>";
		};
		8AA35F1313AF59A9032B1429 /* Pods */ = {
			isa = PBXGroup;
			children = (
				0454340435279AE8327BF2EC /* Pods-DailyRoutine.debug.xcconfig */,
				195B97AB6027A3F17A0F3B30 /* Pods-DailyRoutine.release.xcconfig */,
			);
			path = Pods;
			sourceTree = "<group>";
		};
/* End PBXGroup section */

/* Begin PBXNativeTarget section */
		8541C7C022948B8D00CC1EDF /* DailyRoutine */ = {
			isa = PBXNativeTarget;
			buildConfigurationList = 8541C7D622948B8E00CC1EDF /* Build configuration list for PBXNativeTarget "DailyRoutine" */;
			buildPhases = (
				71FC3F6B12521B920A6423AA /* [CP] Check Pods Manifest.lock */,
				8541C7BD22948B8D00CC1EDF /* Sources */,
				8541C7BE22948B8D00CC1EDF /* Frameworks */,
				8541C7BF22948B8D00CC1EDF /* Resources */,
				7D5FC623569D6E156BB82DA6 /* [CP] Embed Pods Frameworks */,
			);
			buildRules = (
			);
			dependencies = (
			);
			name = DailyRoutine;
			productName = DailyRoutine;
			productReference = 8541C7C122948B8D00CC1EDF /* DailyRoutine.app */;
			productType = "com.apple.product-type.application";
		};
/* End PBXNativeTarget section */

/* Begin PBXProject section */
		8541C7B922948B8C00CC1EDF /* Project object */ = {
			isa = PBXProject;
			attributes = {
				LastSwiftUpdateCheck = 1020;
				LastUpgradeCheck = 1020;
				ORGANIZATIONNAME = "Matheus Marcos Maus";
				TargetAttributes = {
					8541C7C022948B8D00CC1EDF = {
						CreatedOnToolsVersion = 10.2.1;
						SystemCapabilities = {
							com.apple.AutoFillCredentialProvider = {
								enabled = 0;
							};
							com.apple.Push = {
								enabled = 1;
							};
						};
					};
				};
			};
			buildConfigurationList = 8541C7BC22948B8C00CC1EDF /* Build configuration list for PBXProject "DailyRoutine" */;
			compatibilityVersion = "Xcode 9.3";
			developmentRegion = en;
			hasScannedForEncodings = 0;
			knownRegions = (
				en,
				Base,
			);
			mainGroup = 8541C7B822948B8C00CC1EDF;
			productRefGroup = 8541C7C222948B8D00CC1EDF /* Products */;
			projectDirPath = "";
			projectRoot = "";
			targets = (
				8541C7C022948B8D00CC1EDF /* DailyRoutine */,
			);
		};
/* End PBXProject section */

/* Begin PBXResourcesBuildPhase section */
		8541C7BF22948B8D00CC1EDF /* Resources */ = {
			isa = PBXResourcesBuildPhase;
			buildActionMask = 2147483647;
			files = (
				8541C7D222948B8E00CC1EDF /* LaunchScreen.storyboard in Resources */,
				85C60CC422CB7958006480DE /* GoogleService-Info.plist in Resources */,
				8541C7CF22948B8E00CC1EDF /* Assets.xcassets in Resources */,
				8541C7CA22948B8D00CC1EDF /* Main.storyboard in Resources */,
			);
			runOnlyForDeploymentPostprocessing = 0;
		};
/* End PBXResourcesBuildPhase section */

/* Begin PBXShellScriptBuildPhase section */
		71FC3F6B12521B920A6423AA /* [CP] Check Pods Manifest.lock */ = {
			isa = PBXShellScriptBuildPhase;
			buildActionMask = 2147483647;
			files = (
			);
			inputFileListPaths = (
			);
			inputPaths = (
				"${PODS_PODFILE_DIR_PATH}/Podfile.lock",
				"${PODS_ROOT}/Manifest.lock",
			);
			name = "[CP] Check Pods Manifest.lock";
			outputFileListPaths = (
			);
			outputPaths = (
				"$(DERIVED_FILE_DIR)/Pods-DailyRoutine-checkManifestLockResult.txt",
			);
			runOnlyForDeploymentPostprocessing = 0;
			shellPath = /bin/sh;
			shellScript = "diff \"${PODS_PODFILE_DIR_PATH}/Podfile.lock\" \"${PODS_ROOT}/Manifest.lock\" > /dev/null\nif [ $? != 0 ] ; then\n    # print error to STDERR\n    echo \"error: The sandbox is not in sync with the Podfile.lock. Run 'pod install' or update your CocoaPods installation.\" >&2\n    exit 1\nfi\n# This output is used by Xcode 'outputs' to avoid re-running this script phase.\necho \"SUCCESS\" > \"${SCRIPT_OUTPUT_FILE_0}\"\n";
			showEnvVarsInLog = 0;
		};
		7D5FC623569D6E156BB82DA6 /* [CP] Embed Pods Frameworks */ = {
			isa = PBXShellScriptBuildPhase;
			buildActionMask = 2147483647;
			files = (
			);
			inputFileListPaths = (
				"${PODS_ROOT}/Target Support Files/Pods-DailyRoutine/Pods-DailyRoutine-frameworks-${CONFIGURATION}-input-files.xcfilelist",
			);
			name = "[CP] Embed Pods Frameworks";
			outputFileListPaths = (
				"${PODS_ROOT}/Target Support Files/Pods-DailyRoutine/Pods-DailyRoutine-frameworks-${CONFIGURATION}-output-files.xcfilelist",
			);
			runOnlyForDeploymentPostprocessing = 0;
			shellPath = /bin/sh;
			shellScript = "\"${PODS_ROOT}/Target Support Files/Pods-DailyRoutine/Pods-DailyRoutine-frameworks.sh\"\n";
			showEnvVarsInLog = 0;
		};
/* End PBXShellScriptBuildPhase section */

/* Begin PBXSourcesBuildPhase section */
		8541C7BD22948B8D00CC1EDF /* Sources */ = {
			isa = PBXSourcesBuildPhase;
			buildActionMask = 2147483647;
			files = (
				8541C7CD22948B8D00CC1EDF /* DailyRoutine.xcdatamodeld in Sources */,
				855D1B0822D00FB700D6F647 /* SenhaViewController.swift in Sources */,
				85EA499F22CD2EE700F2A39A /* WhiteButton.swift in Sources */,
				8541C7C722948B8D00CC1EDF /* ViewController.swift in Sources */,
				8541C7C522948B8D00CC1EDF /* AppDelegate.swift in Sources */,
				85D449F422D93C2800F96978 /* DuracaoTableViewController.swift in Sources */,
				85536C7222D0289C00970635 /* LittleBGView.swift in Sources */,
				85EE2C0722998DE100843A22 /* Tasks.swift in Sources */,
				85D449F622D93C9900F96978 /* AlertasTableViewController.swift in Sources */,
				855D1B0422D0074B00D6F647 /* EmailViewController.swift in Sources */,
				855D1B0622D00FAE00D6F647 /* CriarContaViewController.swift in Sources */,
				85EE2C0522998CA800843A22 /* TasksFactory.swift in Sources */,
			);
			runOnlyForDeploymentPostprocessing = 0;
		};
/* End PBXSourcesBuildPhase section */

/* Begin PBXVariantGroup section */
		8541C7C822948B8D00CC1EDF /* Main.storyboard */ = {
			isa = PBXVariantGroup;
			children = (
				8541C7C922948B8D00CC1EDF /* Base */,
			);
			name = Main.storyboard;
			sourceTree = "<group>";
		};
		8541C7D022948B8E00CC1EDF /* LaunchScreen.storyboard */ = {
			isa = PBXVariantGroup;
			children = (
				8541C7D122948B8E00CC1EDF /* Base */,
			);
			name = LaunchScreen.storyboard;
			sourceTree = "<group>";
		};
/* End PBXVariantGroup section */

/* Begin XCBuildConfiguration section */
		8541C7D422948B8E00CC1EDF /* Debug */ = {
			isa = XCBuildConfiguration;
			buildSettings = {
				ALWAYS_SEARCH_USER_PATHS = NO;
				CLANG_ANALYZER_LOCALIZABILITY_NONLOCALIZED = YES;
				CLANG_ANALYZER_NONNULL = YES;
				CLANG_ANALYZER_NUMBER_OBJECT_CONVERSION = YES_AGGRESSIVE;
				CLANG_CXX_LANGUAGE_STANDARD = "gnu++14";
				CLANG_CXX_LIBRARY = "libc++";
				CLANG_ENABLE_MODULES = YES;
				CLANG_ENABLE_OBJC_ARC = YES;
				CLANG_ENABLE_OBJC_WEAK = YES;
				CLANG_WARN_BLOCK_CAPTURE_AUTORELEASING = YES;
				CLANG_WARN_BOOL_CONVERSION = YES;
				CLANG_WARN_COMMA = YES;
				CLANG_WARN_CONSTANT_CONVERSION = YES;
				CLANG_WARN_DEPRECATED_OBJC_IMPLEMENTATIONS = YES;
				CLANG_WARN_DIRECT_OBJC_ISA_USAGE = YES_ERROR;
				CLANG_WARN_DOCUMENTATION_COMMENTS = YES;
				CLANG_WARN_EMPTY_BODY = YES;
				CLANG_WARN_ENUM_CONVERSION = YES;
				CLANG_WARN_INFINITE_RECURSION = YES;
				CLANG_WARN_INT_CONVERSION = YES;
				CLANG_WARN_NON_LITERAL_NULL_CONVERSION = YES;
				CLANG_WARN_OBJC_IMPLICIT_RETAIN_SELF = YES;
				CLANG_WARN_OBJC_LITERAL_CONVERSION = YES;
				CLANG_WARN_OBJC_ROOT_CLASS = YES_ERROR;
				CLANG_WARN_RANGE_LOOP_ANALYSIS = YES;
				CLANG_WARN_STRICT_PROTOTYPES = YES;
				CLANG_WARN_SUSPICIOUS_MOVE = YES;
				CLANG_WARN_UNGUARDED_AVAILABILITY = YES_AGGRESSIVE;
				CLANG_WARN_UNREACHABLE_CODE = YES;
				CLANG_WARN__DUPLICATE_METHOD_MATCH = YES;
				CODE_SIGN_IDENTITY = "iPhone Developer";
				COPY_PHASE_STRIP = NO;
				DEBUG_INFORMATION_FORMAT = dwarf;
				ENABLE_STRICT_OBJC_MSGSEND = YES;
				ENABLE_TESTABILITY = YES;
				GCC_C_LANGUAGE_STANDARD = gnu11;
				GCC_DYNAMIC_NO_PIC = NO;
				GCC_NO_COMMON_BLOCKS = YES;
				GCC_OPTIMIZATION_LEVEL = 0;
				GCC_PREPROCESSOR_DEFINITIONS = (
					"DEBUG=1",
					"$(inherited)",
				);
				GCC_WARN_64_TO_32_BIT_CONVERSION = YES;
				GCC_WARN_ABOUT_RETURN_TYPE = YES_ERROR;
				GCC_WARN_UNDECLARED_SELECTOR = YES;
				GCC_WARN_UNINITIALIZED_AUTOS = YES_AGGRESSIVE;
				GCC_WARN_UNUSED_FUNCTION = YES;
				GCC_WARN_UNUSED_VARIABLE = YES;
				IPHONEOS_DEPLOYMENT_TARGET = 12.2;
				MTL_ENABLE_DEBUG_INFO = INCLUDE_SOURCE;
				MTL_FAST_MATH = YES;
				ONLY_ACTIVE_ARCH = YES;
				SDKROOT = iphoneos;
				SWIFT_ACTIVE_COMPILATION_CONDITIONS = DEBUG;
				SWIFT_OPTIMIZATION_LEVEL = "-Onone";
			};
			name = Debug;
		};
		8541C7D522948B8E00CC1EDF /* Release */ = {
			isa = XCBuildConfiguration;
			buildSettings = {
				ALWAYS_SEARCH_USER_PATHS = NO;
				CLANG_ANALYZER_LOCALIZABILITY_NONLOCALIZED = YES;
				CLANG_ANALYZER_NONNULL = YES;
				CLANG_ANALYZER_NUMBER_OBJECT_CONVERSION = YES_AGGRESSIVE;
				CLANG_CXX_LANGUAGE_STANDARD = "gnu++14";
				CLANG_CXX_LIBRARY = "libc++";
				CLANG_ENABLE_MODULES = YES;
				CLANG_ENABLE_OBJC_ARC = YES;
				CLANG_ENABLE_OBJC_WEAK = YES;
				CLANG_WARN_BLOCK_CAPTURE_AUTORELEASING = YES;
				CLANG_WARN_BOOL_CONVERSION = YES;
				CLANG_WARN_COMMA = YES;
				CLANG_WARN_CONSTANT_CONVERSION = YES;
				CLANG_WARN_DEPRECATED_OBJC_IMPLEMENTATIONS = YES;
				CLANG_WARN_DIRECT_OBJC_ISA_USAGE = YES_ERROR;
				CLANG_WARN_DOCUMENTATION_COMMENTS = YES;
				CLANG_WARN_EMPTY_BODY = YES;
				CLANG_WARN_ENUM_CONVERSION = YES;
				CLANG_WARN_INFINITE_RECURSION = YES;
				CLANG_WARN_INT_CONVERSION = YES;
				CLANG_WARN_NON_LITERAL_NULL_CONVERSION = YES;
				CLANG_WARN_OBJC_IMPLICIT_RETAIN_SELF = YES;
				CLANG_WARN_OBJC_LITERAL_CONVERSION = YES;
				CLANG_WARN_OBJC_ROOT_CLASS = YES_ERROR;
				CLANG_WARN_RANGE_LOOP_ANALYSIS = YES;
				CLANG_WARN_STRICT_PROTOTYPES = YES;
				CLANG_WARN_SUSPICIOUS_MOVE = YES;
				CLANG_WARN_UNGUARDED_AVAILABILITY = YES_AGGRESSIVE;
				CLANG_WARN_UNREACHABLE_CODE = YES;
				CLANG_WARN__DUPLICATE_METHOD_MATCH = YES;
				CODE_SIGN_IDENTITY = "iPhone Developer";
				COPY_PHASE_STRIP = NO;
				DEBUG_INFORMATION_FORMAT = "dwarf-with-dsym";
				ENABLE_NS_ASSERTIONS = NO;
				ENABLE_STRICT_OBJC_MSGSEND = YES;
				GCC_C_LANGUAGE_STANDARD = gnu11;
				GCC_NO_COMMON_BLOCKS = YES;
				GCC_WARN_64_TO_32_BIT_CONVERSION = YES;
				GCC_WARN_ABOUT_RETURN_TYPE = YES_ERROR;
				GCC_WARN_UNDECLARED_SELECTOR = YES;
				GCC_WARN_UNINITIALIZED_AUTOS = YES_AGGRESSIVE;
				GCC_WARN_UNUSED_FUNCTION = YES;
				GCC_WARN_UNUSED_VARIABLE = YES;
				IPHONEOS_DEPLOYMENT_TARGET = 12.2;
				MTL_ENABLE_DEBUG_INFO = NO;
				MTL_FAST_MATH = YES;
				SDKROOT = iphoneos;
				SWIFT_COMPILATION_MODE = wholemodule;
				SWIFT_OPTIMIZATION_LEVEL = "-O";
				VALIDATE_PRODUCT = YES;
			};
			name = Release;
		};
		8541C7D722948B8E00CC1EDF /* Debug */ = {
			isa = XCBuildConfiguration;
			baseConfigurationReference = 0454340435279AE8327BF2EC /* Pods-DailyRoutine.debug.xcconfig */;
			buildSettings = {
				ASSETCATALOG_COMPILER_APPICON_NAME = AppIcon;
				CODE_SIGN_ENTITLEMENTS = DailyRoutine/DailyRoutine.entitlements;
				CODE_SIGN_STYLE = Automatic;
				DEVELOPMENT_TEAM = "";
				INFOPLIST_FILE = DailyRoutine/Info.plist;
				LD_RUNPATH_SEARCH_PATHS = (
					"$(inherited)",
					"@executable_path/Frameworks",
				);
				PRODUCT_BUNDLE_IDENTIFIER = digital.mxm.DailyRoutine;
				PRODUCT_NAME = "$(TARGET_NAME)";
				SWIFT_VERSION = 5.0;
				TARGETED_DEVICE_FAMILY = "1,2";
			};
			name = Debug;
		};
		8541C7D822948B8E00CC1EDF /* Release */ = {
			isa = XCBuildConfiguration;
			baseConfigurationReference = 195B97AB6027A3F17A0F3B30 /* Pods-DailyRoutine.release.xcconfig */;
			buildSettings = {
				ASSETCATALOG_COMPILER_APPICON_NAME = AppIcon;
				CODE_SIGN_ENTITLEMENTS = DailyRoutine/DailyRoutine.entitlements;
				CODE_SIGN_STYLE = Automatic;
				DEVELOPMENT_TEAM = "";
				INFOPLIST_FILE = DailyRoutine/Info.plist;
				LD_RUNPATH_SEARCH_PATHS = (
					"$(inherited)",
					"@executable_path/Frameworks",
				);
				PRODUCT_BUNDLE_IDENTIFIER = digital.mxm.DailyRoutine;
				PRODUCT_NAME = "$(TARGET_NAME)";
				SWIFT_VERSION = 5.0;
				TARGETED_DEVICE_FAMILY = "1,2";
			};
			name = Release;
		};
/* End XCBuildConfiguration section */

/* Begin XCConfigurationList section */
		8541C7BC22948B8C00CC1EDF /* Build configuration list for PBXProject "DailyRoutine" */ = {
			isa = XCConfigurationList;
			buildConfigurations = (
				8541C7D422948B8E00CC1EDF /* Debug */,
				8541C7D522948B8E00CC1EDF /* Release */,
			);
			defaultConfigurationIsVisible = 0;
			defaultConfigurationName = Release;
		};
		8541C7D622948B8E00CC1EDF /* Build configuration list for PBXNativeTarget "DailyRoutine" */ = {
			isa = XCConfigurationList;
			buildConfigurations = (
				8541C7D722948B8E00CC1EDF /* Debug */,
				8541C7D822948B8E00CC1EDF /* Release */,
			);
			defaultConfigurationIsVisible = 0;
			defaultConfigurationName = Release;
		};
/* End XCConfigurationList section */

/* Begin XCVersionGroup section */
		8541C7CB22948B8D00CC1EDF /* DailyRoutine.xcdatamodeld */ = {
			isa = XCVersionGroup;
			children = (
				8541C7CC22948B8D00CC1EDF /* DailyRoutine.xcdatamodel */,
			);
			currentVersion = 8541C7CC22948B8D00CC1EDF /* DailyRoutine.xcdatamodel */;
			path = DailyRoutine.xcdatamodeld;
			sourceTree = "<group>";
			versionGroupType = wrapper.xcdatamodel;
		};
/* End XCVersionGroup section */
	};
	rootObject = 8541C7B922948B8C00CC1EDF /* Project object */;
}
